// !$*UTF8*$!
{
	archiveVersion = 1;
	classes = {
	};
	objectVersion = 55;
	objects = {

/* Begin PBXBuildFile section */
		042E3A4E28A29ABC00D50AC3 /* AppDelegate.swift in Sources */ = {isa = PBXBuildFile; fileRef = 042E3A4D28A29ABC00D50AC3 /* AppDelegate.swift */; };
		042E3A5028A29ABC00D50AC3 /* SceneDelegate.swift in Sources */ = {isa = PBXBuildFile; fileRef = 042E3A4F28A29ABC00D50AC3 /* SceneDelegate.swift */; };
		042E3A5728A29ABD00D50AC3 /* Assets.xcassets in Resources */ = {isa = PBXBuildFile; fileRef = 042E3A5628A29ABD00D50AC3 /* Assets.xcassets */; };
		042E3A5A28A29ABD00D50AC3 /* LaunchScreen.storyboard in Resources */ = {isa = PBXBuildFile; fileRef = 042E3A5828A29ABD00D50AC3 /* LaunchScreen.storyboard */; };
		042E3A6E28A2AC5900D50AC3 /* PhotoFeedController.swift in Sources */ = {isa = PBXBuildFile; fileRef = 042E3A6D28A2AC5900D50AC3 /* PhotoFeedController.swift */; };
		042E3A7028A2ACF000D50AC3 /* Extension + PhotoFeedView.swift in Sources */ = {isa = PBXBuildFile; fileRef = 042E3A6F28A2ACF000D50AC3 /* Extension + PhotoFeedView.swift */; };
		042E3A7228A3AC5100D50AC3 /* PhotoFeedView.swift in Sources */ = {isa = PBXBuildFile; fileRef = 042E3A7128A3AC5100D50AC3 /* PhotoFeedView.swift */; };
		042E3A7428A3D7C300D50AC3 /* NetworkService.swift in Sources */ = {isa = PBXBuildFile; fileRef = 042E3A7328A3D7C300D50AC3 /* NetworkService.swift */; };
		042E3A7628A3D8C200D50AC3 /* PhotoFeedModel.swift in Sources */ = {isa = PBXBuildFile; fileRef = 042E3A7528A3D8C200D50AC3 /* PhotoFeedModel.swift */; };
		042E3A7828A660DB00D50AC3 /* PhotoFeedCell.swift in Sources */ = {isa = PBXBuildFile; fileRef = 042E3A7728A660DB00D50AC3 /* PhotoFeedCell.swift */; };
		042E3A7A28A7BEB800D50AC3 /* PhotoFeedView + TransitioningDelegate.swift in Sources */ = {isa = PBXBuildFile; fileRef = 042E3A7928A7BEB800D50AC3 /* PhotoFeedView + TransitioningDelegate.swift */; };
		042E3A7C28A7C1A900D50AC3 /* FullImageView.swift in Sources */ = {isa = PBXBuildFile; fileRef = 042E3A7B28A7C1A900D50AC3 /* FullImageView.swift */; };
		042E3A7F28A7C31300D50AC3 /* Animator.swift in Sources */ = {isa = PBXBuildFile; fileRef = 042E3A7E28A7C31300D50AC3 /* Animator.swift */; };
		042E3A8128A8E93B00D50AC3 /* FullImageView + SetupUI.swift in Sources */ = {isa = PBXBuildFile; fileRef = 042E3A8028A8E93B00D50AC3 /* FullImageView + SetupUI.swift */; };
		DA3B4605CB926A06865610A1 /* Pods_flickr_image_viewing.framework in Frameworks */ = {isa = PBXBuildFile; fileRef = 3F49A82CBAF9D093BA7A4CCD /* Pods_flickr_image_viewing.framework */; };
/* End PBXBuildFile section */

/* Begin PBXFileReference section */
		042E3A4A28A29ABC00D50AC3 /* flickr-image-viewing.app */ = {isa = PBXFileReference; explicitFileType = wrapper.application; includeInIndex = 0; path = "flickr-image-viewing.app"; sourceTree = BUILT_PRODUCTS_DIR; };
		042E3A4D28A29ABC00D50AC3 /* AppDelegate.swift */ = {isa = PBXFileReference; lastKnownFileType = sourcecode.swift; path = AppDelegate.swift; sourceTree = "<group>"; };
		042E3A4F28A29ABC00D50AC3 /* SceneDelegate.swift */ = {isa = PBXFileReference; lastKnownFileType = sourcecode.swift; path = SceneDelegate.swift; sourceTree = "<group>"; };
		042E3A5628A29ABD00D50AC3 /* Assets.xcassets */ = {isa = PBXFileReference; lastKnownFileType = folder.assetcatalog; path = Assets.xcassets; sourceTree = "<group>"; };
		042E3A5928A29ABD00D50AC3 /* Base */ = {isa = PBXFileReference; lastKnownFileType = file.storyboard; name = Base; path = Base.lproj/LaunchScreen.storyboard; sourceTree = "<group>"; };
		042E3A5B28A29ABD00D50AC3 /* Info.plist */ = {isa = PBXFileReference; lastKnownFileType = text.plist.xml; path = Info.plist; sourceTree = "<group>"; };
		042E3A6D28A2AC5900D50AC3 /* PhotoFeedController.swift */ = {isa = PBXFileReference; lastKnownFileType = sourcecode.swift; path = PhotoFeedController.swift; sourceTree = "<group>"; };
		042E3A6F28A2ACF000D50AC3 /* Extension + PhotoFeedView.swift */ = {isa = PBXFileReference; lastKnownFileType = sourcecode.swift; path = "Extension + PhotoFeedView.swift"; sourceTree = "<group>"; };
		042E3A7128A3AC5100D50AC3 /* PhotoFeedView.swift */ = {isa = PBXFileReference; lastKnownFileType = sourcecode.swift; path = PhotoFeedView.swift; sourceTree = "<group>"; };
		042E3A7328A3D7C300D50AC3 /* NetworkService.swift */ = {isa = PBXFileReference; lastKnownFileType = sourcecode.swift; path = NetworkService.swift; sourceTree = "<group>"; };
		042E3A7528A3D8C200D50AC3 /* PhotoFeedModel.swift */ = {isa = PBXFileReference; lastKnownFileType = sourcecode.swift; path = PhotoFeedModel.swift; sourceTree = "<group>"; };
		042E3A7728A660DB00D50AC3 /* PhotoFeedCell.swift */ = {isa = PBXFileReference; lastKnownFileType = sourcecode.swift; path = PhotoFeedCell.swift; sourceTree = "<group>"; };
		042E3A7928A7BEB800D50AC3 /* PhotoFeedView + TransitioningDelegate.swift */ = {isa = PBXFileReference; lastKnownFileType = sourcecode.swift; path = "PhotoFeedView + TransitioningDelegate.swift"; sourceTree = "<group>"; };
		042E3A7B28A7C1A900D50AC3 /* FullImageView.swift */ = {isa = PBXFileReference; lastKnownFileType = sourcecode.swift; path = FullImageView.swift; sourceTree = "<group>"; };
		042E3A7E28A7C31300D50AC3 /* Animator.swift */ = {isa = PBXFileReference; lastKnownFileType = sourcecode.swift; path = Animator.swift; sourceTree = "<group>"; };
		042E3A8028A8E93B00D50AC3 /* FullImageView + SetupUI.swift */ = {isa = PBXFileReference; lastKnownFileType = sourcecode.swift; path = "FullImageView + SetupUI.swift"; sourceTree = "<group>"; };
		3F49A82CBAF9D093BA7A4CCD /* Pods_flickr_image_viewing.framework */ = {isa = PBXFileReference; explicitFileType = wrapper.framework; includeInIndex = 0; path = Pods_flickr_image_viewing.framework; sourceTree = BUILT_PRODUCTS_DIR; };
		833AEFDDD89D0A55B361FFB1 /* Pods-flickr-image-viewing.release.xcconfig */ = {isa = PBXFileReference; includeInIndex = 1; lastKnownFileType = text.xcconfig; name = "Pods-flickr-image-viewing.release.xcconfig"; path = "Target Support Files/Pods-flickr-image-viewing/Pods-flickr-image-viewing.release.xcconfig"; sourceTree = "<group>"; };
		C07F49759201662808A6DCF4 /* Pods-flickr-image-viewing.debug.xcconfig */ = {isa = PBXFileReference; includeInIndex = 1; lastKnownFileType = text.xcconfig; name = "Pods-flickr-image-viewing.debug.xcconfig"; path = "Target Support Files/Pods-flickr-image-viewing/Pods-flickr-image-viewing.debug.xcconfig"; sourceTree = "<group>"; };
/* End PBXFileReference section */

/* Begin PBXFrameworksBuildPhase section */
		042E3A4728A29ABC00D50AC3 /* Frameworks */ = {
			isa = PBXFrameworksBuildPhase;
			buildActionMask = 2147483647;
			files = (
				DA3B4605CB926A06865610A1 /* Pods_flickr_image_viewing.framework in Frameworks */,
			);
			runOnlyForDeploymentPostprocessing = 0;
		};
/* End PBXFrameworksBuildPhase section */

/* Begin PBXGroup section */
		042E3A4128A29ABC00D50AC3 = {
			isa = PBXGroup;
			children = (
				042E3A4C28A29ABC00D50AC3 /* flickr-image-viewing */,
				042E3A4B28A29ABC00D50AC3 /* Products */,
				B4DF3C4BCED9A62E31C1400C /* Pods */,
				5FD4B3300CCD47DD065D0C6C /* Frameworks */,
			);
			sourceTree = "<group>";
		};
		042E3A4B28A29ABC00D50AC3 /* Products */ = {
			isa = PBXGroup;
			children = (
				042E3A4A28A29ABC00D50AC3 /* flickr-image-viewing.app */,
			);
			name = Products;
			sourceTree = "<group>";
		};
		042E3A4C28A29ABC00D50AC3 /* flickr-image-viewing */ = {
			isa = PBXGroup;
			children = (
				042E3A7D28A7C2F100D50AC3 /* Helpers */,
				042E3A6228A2A51F00D50AC3 /* FullImageModule */,
				042E3A6128A2A50400D50AC3 /* PhotoFeedModule */,
				042E3A4D28A29ABC00D50AC3 /* AppDelegate.swift */,
				042E3A4F28A29ABC00D50AC3 /* SceneDelegate.swift */,
				042E3A5628A29ABD00D50AC3 /* Assets.xcassets */,
				042E3A5828A29ABD00D50AC3 /* LaunchScreen.storyboard */,
				042E3A5B28A29ABD00D50AC3 /* Info.plist */,
			);
			path = "flickr-image-viewing";
			sourceTree = "<group>";
		};
		042E3A6128A2A50400D50AC3 /* PhotoFeedModule */ = {
			isa = PBXGroup;
			children = (
				042E3A6628A2A55400D50AC3 /* Presenter */,
				042E3A6528A2A54A00D50AC3 /* View */,
				042E3A6328A2A53700D50AC3 /* Model */,
			);
			path = PhotoFeedModule;
			sourceTree = "<group>";
		};
		042E3A6228A2A51F00D50AC3 /* FullImageModule */ = {
			isa = PBXGroup;
			children = (
				042E3A6928A2A56C00D50AC3 /* Presenter */,
				042E3A6828A2A56700D50AC3 /* View */,
				042E3A6728A2A55E00D50AC3 /* Model */,
			);
			path = FullImageModule;
			sourceTree = "<group>";
		};
		042E3A6328A2A53700D50AC3 /* Model */ = {
			isa = PBXGroup;
			children = (
				042E3A7528A3D8C200D50AC3 /* PhotoFeedModel.swift */,
			);
			path = Model;
			sourceTree = "<group>";
		};
		042E3A6528A2A54A00D50AC3 /* View */ = {
			isa = PBXGroup;
			children = (
				042E3A7128A3AC5100D50AC3 /* PhotoFeedView.swift */,
				042E3A7728A660DB00D50AC3 /* PhotoFeedCell.swift */,
			);
			path = View;
			sourceTree = "<group>";
		};
		042E3A6628A2A55400D50AC3 /* Presenter */ = {
			isa = PBXGroup;
			children = (
				042E3A6D28A2AC5900D50AC3 /* PhotoFeedController.swift */,
			);
			path = Presenter;
			sourceTree = "<group>";
		};
		042E3A6728A2A55E00D50AC3 /* Model */ = {
			isa = PBXGroup;
			children = (
			);
			path = Model;
			sourceTree = "<group>";
		};
		042E3A6828A2A56700D50AC3 /* View */ = {
			isa = PBXGroup;
			children = (
				042E3A7B28A7C1A900D50AC3 /* FullImageView.swift */,
			);
			path = View;
			sourceTree = "<group>";
		};
		042E3A6928A2A56C00D50AC3 /* Presenter */ = {
			isa = PBXGroup;
			children = (
			);
			path = Presenter;
			sourceTree = "<group>";
		};
		042E3A6A28A2A59300D50AC3 /* DependenciesBuilder */ = {
			isa = PBXGroup;
			children = (
			);
			path = DependenciesBuilder;
			sourceTree = "<group>";
		};
		042E3A6B28A2A5BC00D50AC3 /* Extensions */ = {
			isa = PBXGroup;
			children = (
				042E3A6F28A2ACF000D50AC3 /* Extension + PhotoFeedView.swift */,
				042E3A7928A7BEB800D50AC3 /* PhotoFeedView + TransitioningDelegate.swift */,
				042E3A8028A8E93B00D50AC3 /* FullImageView + SetupUI.swift */,
			);
			path = Extensions;
			sourceTree = "<group>";
		};
		042E3A6C28A2A90700D50AC3 /* NetworkLayer */ = {
			isa = PBXGroup;
			children = (
				042E3A7328A3D7C300D50AC3 /* NetworkService.swift */,
			);
			path = NetworkLayer;
			sourceTree = "<group>";
		};
		042E3A7D28A7C2F100D50AC3 /* Helpers */ = {
			isa = PBXGroup;
			children = (
				042E3A6A28A2A59300D50AC3 /* DependenciesBuilder */,
				042E3A6B28A2A5BC00D50AC3 /* Extensions */,
				042E3A6C28A2A90700D50AC3 /* NetworkLayer */,
				042E3A7E28A7C31300D50AC3 /* Animator.swift */,
			);
			path = Helpers;
			sourceTree = "<group>";
		};
		5FD4B3300CCD47DD065D0C6C /* Frameworks */ = {
			isa = PBXGroup;
			children = (
				3F49A82CBAF9D093BA7A4CCD /* Pods_flickr_image_viewing.framework */,
			);
			name = Frameworks;
			sourceTree = "<group>";
		};
		B4DF3C4BCED9A62E31C1400C /* Pods */ = {
			isa = PBXGroup;
			children = (
				C07F49759201662808A6DCF4 /* Pods-flickr-image-viewing.debug.xcconfig */,
				833AEFDDD89D0A55B361FFB1 /* Pods-flickr-image-viewing.release.xcconfig */,
			);
			path = Pods;
			sourceTree = "<group>";
		};
/* End PBXGroup section */

/* Begin PBXNativeTarget section */
		042E3A4928A29ABC00D50AC3 /* flickr-image-viewing */ = {
			isa = PBXNativeTarget;
			buildConfigurationList = 042E3A5E28A29ABD00D50AC3 /* Build configuration list for PBXNativeTarget "flickr-image-viewing" */;
			buildPhases = (
				C5ADA555C00CD72727102D83 /* [CP] Check Pods Manifest.lock */,
				042E3A4628A29ABC00D50AC3 /* Sources */,
				042E3A4728A29ABC00D50AC3 /* Frameworks */,
				042E3A4828A29ABC00D50AC3 /* Resources */,
				B866A3221968F2EEFF183D3D /* [CP] Embed Pods Frameworks */,
			);
			buildRules = (
			);
			dependencies = (
			);
			name = "flickr-image-viewing";
			productName = "flickr-image-viewing";
			productReference = 042E3A4A28A29ABC00D50AC3 /* flickr-image-viewing.app */;
			productType = "com.apple.product-type.application";
		};
/* End PBXNativeTarget section */

/* Begin PBXProject section */
		042E3A4228A29ABC00D50AC3 /* Project object */ = {
			isa = PBXProject;
			attributes = {
				BuildIndependentTargetsInParallel = 1;
				LastSwiftUpdateCheck = 1340;
				LastUpgradeCheck = 1340;
				TargetAttributes = {
					042E3A4928A29ABC00D50AC3 = {
						CreatedOnToolsVersion = 13.4.1;
					};
				};
			};
			buildConfigurationList = 042E3A4528A29ABC00D50AC3 /* Build configuration list for PBXProject "flickr-image-viewing" */;
			compatibilityVersion = "Xcode 13.0";
			developmentRegion = en;
			hasScannedForEncodings = 0;
			knownRegions = (
				en,
				Base,
			);
			mainGroup = 042E3A4128A29ABC00D50AC3;
			productRefGroup = 042E3A4B28A29ABC00D50AC3 /* Products */;
			projectDirPath = "";
			projectRoot = "";
			targets = (
				042E3A4928A29ABC00D50AC3 /* flickr-image-viewing */,
			);
		};
/* End PBXProject section */

/* Begin PBXResourcesBuildPhase section */
		042E3A4828A29ABC00D50AC3 /* Resources */ = {
			isa = PBXResourcesBuildPhase;
			buildActionMask = 2147483647;
			files = (
				042E3A5A28A29ABD00D50AC3 /* LaunchScreen.storyboard in Resources */,
				042E3A5728A29ABD00D50AC3 /* Assets.xcassets in Resources */,
			);
			runOnlyForDeploymentPostprocessing = 0;
		};
/* End PBXResourcesBuildPhase section */

/* Begin PBXShellScriptBuildPhase section */
		B866A3221968F2EEFF183D3D /* [CP] Embed Pods Frameworks */ = {
			isa = PBXShellScriptBuildPhase;
			buildActionMask = 2147483647;
			files = (
			);
			inputFileListPaths = (
				"${PODS_ROOT}/Target Support Files/Pods-flickr-image-viewing/Pods-flickr-image-viewing-frameworks-${CONFIGURATION}-input-files.xcfilelist",
			);
			name = "[CP] Embed Pods Frameworks";
			outputFileListPaths = (
				"${PODS_ROOT}/Target Support Files/Pods-flickr-image-viewing/Pods-flickr-image-viewing-frameworks-${CONFIGURATION}-output-files.xcfilelist",
			);
			runOnlyForDeploymentPostprocessing = 0;
			shellPath = /bin/sh;
			shellScript = "\"${PODS_ROOT}/Target Support Files/Pods-flickr-image-viewing/Pods-flickr-image-viewing-frameworks.sh\"\n";
			showEnvVarsInLog = 0;
		};
		C5ADA555C00CD72727102D83 /* [CP] Check Pods Manifest.lock */ = {
			isa = PBXShellScriptBuildPhase;
			buildActionMask = 2147483647;
			files = (
			);
			inputFileListPaths = (
			);
			inputPaths = (
				"${PODS_PODFILE_DIR_PATH}/Podfile.lock",
				"${PODS_ROOT}/Manifest.lock",
			);
			name = "[CP] Check Pods Manifest.lock";
			outputFileListPaths = (
			);
			outputPaths = (
				"$(DERIVED_FILE_DIR)/Pods-flickr-image-viewing-checkManifestLockResult.txt",
			);
			runOnlyForDeploymentPostprocessing = 0;
			shellPath = /bin/sh;
			shellScript = "diff \"${PODS_PODFILE_DIR_PATH}/Podfile.lock\" \"${PODS_ROOT}/Manifest.lock\" > /dev/null\nif [ $? != 0 ] ; then\n    # print error to STDERR\n    echo \"error: The sandbox is not in sync with the Podfile.lock. Run 'pod install' or update your CocoaPods installation.\" >&2\n    exit 1\nfi\n# This output is used by Xcode 'outputs' to avoid re-running this script phase.\necho \"SUCCESS\" > \"${SCRIPT_OUTPUT_FILE_0}\"\n";
			showEnvVarsInLog = 0;
		};
/* End PBXShellScriptBuildPhase section */

/* Begin PBXSourcesBuildPhase section */
		042E3A4628A29ABC00D50AC3 /* Sources */ = {
			isa = PBXSourcesBuildPhase;
			buildActionMask = 2147483647;
			files = (
				042E3A7228A3AC5100D50AC3 /* PhotoFeedView.swift in Sources */,
				042E3A7428A3D7C300D50AC3 /* NetworkService.swift in Sources */,
				042E3A4E28A29ABC00D50AC3 /* AppDelegate.swift in Sources */,
				042E3A8128A8E93B00D50AC3 /* FullImageView + SetupUI.swift in Sources */,
				042E3A7C28A7C1A900D50AC3 /* FullImageView.swift in Sources */,
				042E3A7A28A7BEB800D50AC3 /* PhotoFeedView + TransitioningDelegate.swift in Sources */,
				042E3A6E28A2AC5900D50AC3 /* PhotoFeedController.swift in Sources */,
				042E3A7828A660DB00D50AC3 /* PhotoFeedCell.swift in Sources */,
				042E3A7028A2ACF000D50AC3 /* Extension + PhotoFeedView.swift in Sources */,
				042E3A7628A3D8C200D50AC3 /* PhotoFeedModel.swift in Sources */,
				042E3A7F28A7C31300D50AC3 /* Animator.swift in Sources */,
				042E3A5028A29ABC00D50AC3 /* SceneDelegate.swift in Sources */,
			);
			runOnlyForDeploymentPostprocessing = 0;
		};
/* End PBXSourcesBuildPhase section */

/* Begin PBXVariantGroup section */
		042E3A5828A29ABD00D50AC3 /* LaunchScreen.storyboard */ = {
			isa = PBXVariantGroup;
			children = (
				042E3A5928A29ABD00D50AC3 /* Base */,
			);
			name = LaunchScreen.storyboard;
			sourceTree = "<group>";
		};
/* End PBXVariantGroup section */

/* Begin XCBuildConfiguration section */
		042E3A5C28A29ABD00D50AC3 /* Debug */ = {
			isa = XCBuildConfiguration;
			buildSettings = {
				ALWAYS_SEARCH_USER_PATHS = NO;
				CLANG_ANALYZER_NONNULL = YES;
				CLANG_ANALYZER_NUMBER_OBJECT_CONVERSION = YES_AGGRESSIVE;
				CLANG_CXX_LANGUAGE_STANDARD = "gnu++17";
				CLANG_ENABLE_MODULES = YES;
				CLANG_ENABLE_OBJC_ARC = YES;
				CLANG_ENABLE_OBJC_WEAK = YES;
				CLANG_WARN_BLOCK_CAPTURE_AUTORELEASING = YES;
				CLANG_WARN_BOOL_CONVERSION = YES;
				CLANG_WARN_COMMA = YES;
				CLANG_WARN_CONSTANT_CONVERSION = YES;
				CLANG_WARN_DEPRECATED_OBJC_IMPLEMENTATIONS = YES;
				CLANG_WARN_DIRECT_OBJC_ISA_USAGE = YES_ERROR;
				CLANG_WARN_DOCUMENTATION_COMMENTS = YES;
				CLANG_WARN_EMPTY_BODY = YES;
				CLANG_WARN_ENUM_CONVERSION = YES;
				CLANG_WARN_INFINITE_RECURSION = YES;
				CLANG_WARN_INT_CONVERSION = YES;
				CLANG_WARN_NON_LITERAL_NULL_CONVERSION = YES;
				CLANG_WARN_OBJC_IMPLICIT_RETAIN_SELF = YES;
				CLANG_WARN_OBJC_LITERAL_CONVERSION = YES;
				CLANG_WARN_OBJC_ROOT_CLASS = YES_ERROR;
				CLANG_WARN_QUOTED_INCLUDE_IN_FRAMEWORK_HEADER = YES;
				CLANG_WARN_RANGE_LOOP_ANALYSIS = YES;
				CLANG_WARN_STRICT_PROTOTYPES = YES;
				CLANG_WARN_SUSPICIOUS_MOVE = YES;
				CLANG_WARN_UNGUARDED_AVAILABILITY = YES_AGGRESSIVE;
				CLANG_WARN_UNREACHABLE_CODE = YES;
				CLANG_WARN__DUPLICATE_METHOD_MATCH = YES;
				COPY_PHASE_STRIP = NO;
				DEBUG_INFORMATION_FORMAT = dwarf;
				ENABLE_STRICT_OBJC_MSGSEND = YES;
				ENABLE_TESTABILITY = YES;
				GCC_C_LANGUAGE_STANDARD = gnu11;
				GCC_DYNAMIC_NO_PIC = NO;
				GCC_NO_COMMON_BLOCKS = YES;
				GCC_OPTIMIZATION_LEVEL = 0;
				GCC_PREPROCESSOR_DEFINITIONS = (
					"DEBUG=1",
					"$(inherited)",
				);
				GCC_WARN_64_TO_32_BIT_CONVERSION = YES;
				GCC_WARN_ABOUT_RETURN_TYPE = YES_ERROR;
				GCC_WARN_UNDECLARED_SELECTOR = YES;
				GCC_WARN_UNINITIALIZED_AUTOS = YES_AGGRESSIVE;
				GCC_WARN_UNUSED_FUNCTION = YES;
				GCC_WARN_UNUSED_VARIABLE = YES;
				IPHONEOS_DEPLOYMENT_TARGET = 15.5;
				MTL_ENABLE_DEBUG_INFO = INCLUDE_SOURCE;
				MTL_FAST_MATH = YES;
				ONLY_ACTIVE_ARCH = YES;
				SDKROOT = iphoneos;
				SWIFT_ACTIVE_COMPILATION_CONDITIONS = DEBUG;
				SWIFT_OPTIMIZATION_LEVEL = "-Onone";
			};
			name = Debug;
		};
		042E3A5D28A29ABD00D50AC3 /* Release */ = {
			isa = XCBuildConfiguration;
			buildSettings = {
				ALWAYS_SEARCH_USER_PATHS = NO;
				CLANG_ANALYZER_NONNULL = YES;
				CLANG_ANALYZER_NUMBER_OBJECT_CONVERSION = YES_AGGRESSIVE;
				CLANG_CXX_LANGUAGE_STANDARD = "gnu++17";
				CLANG_ENABLE_MODULES = YES;
				CLANG_ENABLE_OBJC_ARC = YES;
				CLANG_ENABLE_OBJC_WEAK = YES;
				CLANG_WARN_BLOCK_CAPTURE_AUTORELEASING = YES;
				CLANG_WARN_BOOL_CONVERSION = YES;
				CLANG_WARN_COMMA = YES;
				CLANG_WARN_CONSTANT_CONVERSION = YES;
				CLANG_WARN_DEPRECATED_OBJC_IMPLEMENTATIONS = YES;
				CLANG_WARN_DIRECT_OBJC_ISA_USAGE = YES_ERROR;
				CLANG_WARN_DOCUMENTATION_COMMENTS = YES;
				CLANG_WARN_EMPTY_BODY = YES;
				CLANG_WARN_ENUM_CONVERSION = YES;
				CLANG_WARN_INFINITE_RECURSION = YES;
				CLANG_WARN_INT_CONVERSION = YES;
				CLANG_WARN_NON_LITERAL_NULL_CONVERSION = YES;
				CLANG_WARN_OBJC_IMPLICIT_RETAIN_SELF = YES;
				CLANG_WARN_OBJC_LITERAL_CONVERSION = YES;
				CLANG_WARN_OBJC_ROOT_CLASS = YES_ERROR;
				CLANG_WARN_QUOTED_INCLUDE_IN_FRAMEWORK_HEADER = YES;
				CLANG_WARN_RANGE_LOOP_ANALYSIS = YES;
				CLANG_WARN_STRICT_PROTOTYPES = YES;
				CLANG_WARN_SUSPICIOUS_MOVE = YES;
				CLANG_WARN_UNGUARDED_AVAILABILITY = YES_AGGRESSIVE;
				CLANG_WARN_UNREACHABLE_CODE = YES;
				CLANG_WARN__DUPLICATE_METHOD_MATCH = YES;
				COPY_PHASE_STRIP = NO;
				DEBUG_INFORMATION_FORMAT = "dwarf-with-dsym";
				ENABLE_NS_ASSERTIONS = NO;
				ENABLE_STRICT_OBJC_MSGSEND = YES;
				GCC_C_LANGUAGE_STANDARD = gnu11;
				GCC_NO_COMMON_BLOCKS = YES;
				GCC_WARN_64_TO_32_BIT_CONVERSION = YES;
				GCC_WARN_ABOUT_RETURN_TYPE = YES_ERROR;
				GCC_WARN_UNDECLARED_SELECTOR = YES;
				GCC_WARN_UNINITIALIZED_AUTOS = YES_AGGRESSIVE;
				GCC_WARN_UNUSED_FUNCTION = YES;
				GCC_WARN_UNUSED_VARIABLE = YES;
				IPHONEOS_DEPLOYMENT_TARGET = 15.5;
				MTL_ENABLE_DEBUG_INFO = NO;
				MTL_FAST_MATH = YES;
				SDKROOT = iphoneos;
				SWIFT_COMPILATION_MODE = wholemodule;
				SWIFT_OPTIMIZATION_LEVEL = "-O";
				VALIDATE_PRODUCT = YES;
			};
			name = Release;
		};
		042E3A5F28A29ABD00D50AC3 /* Debug */ = {
			isa = XCBuildConfiguration;
			baseConfigurationReference = C07F49759201662808A6DCF4 /* Pods-flickr-image-viewing.debug.xcconfig */;
			buildSettings = {
				ASSETCATALOG_COMPILER_APPICON_NAME = AppIcon;
				ASSETCATALOG_COMPILER_GLOBAL_ACCENT_COLOR_NAME = AccentColor;
				CODE_SIGN_STYLE = Automatic;
				CURRENT_PROJECT_VERSION = 1;
				DEVELOPMENT_TEAM = 74L575RYQ9;
				GENERATE_INFOPLIST_FILE = YES;
				INFOPLIST_FILE = "flickr-image-viewing/Info.plist";
				INFOPLIST_KEY_UIApplicationSupportsIndirectInputEvents = YES;
				INFOPLIST_KEY_UILaunchStoryboardName = LaunchScreen;
				INFOPLIST_KEY_UISupportedInterfaceOrientations_iPad = "UIInterfaceOrientationPortrait UIInterfaceOrientationPortraitUpsideDown UIInterfaceOrientationLandscapeLeft UIInterfaceOrientationLandscapeRight";
				INFOPLIST_KEY_UISupportedInterfaceOrientations_iPhone = "UIInterfaceOrientationPortrait UIInterfaceOrientationLandscapeLeft UIInterfaceOrientationLandscapeRight";
				LD_RUNPATH_SEARCH_PATHS = (
					"$(inherited)",
					"@executable_path/Frameworks",
				);
				MARKETING_VERSION = 1.0;
				PRODUCT_BUNDLE_IDENTIFIER = "maslov.flickr-image-viewing";
				PRODUCT_NAME = "$(TARGET_NAME)";
				SWIFT_EMIT_LOC_STRINGS = YES;
				SWIFT_VERSION = 5.0;
				TARGETED_DEVICE_FAMILY = "1,2";
			};
			name = Debug;
		};
		042E3A6028A29ABD00D50AC3 /* Release */ = {
			isa = XCBuildConfiguration;
			baseConfigurationReference = 833AEFDDD89D0A55B361FFB1 /* Pods-flickr-image-viewing.release.xcconfig */;
			buildSettings = {
				ASSETCATALOG_COMPILER_APPICON_NAME = AppIcon;
				ASSETCATALOG_COMPILER_GLOBAL_ACCENT_COLOR_NAME = AccentColor;
				CODE_SIGN_STYLE = Automatic;
				CURRENT_PROJECT_VERSION = 1;
				DEVELOPMENT_TEAM = 74L575RYQ9;
				GENERATE_INFOPLIST_FILE = YES;
				INFOPLIST_FILE = "flickr-image-viewing/Info.plist";
				INFOPLIST_KEY_UIApplicationSupportsIndirectInputEvents = YES;
				INFOPLIST_KEY_UILaunchStoryboardName = LaunchScreen;
				INFOPLIST_KEY_UISupportedInterfaceOrientations_iPad = "UIInterfaceOrientationPortrait UIInterfaceOrientationPortraitUpsideDown UIInterfaceOrientationLandscapeLeft UIInterfaceOrientationLandscapeRight";
				INFOPLIST_KEY_UISupportedInterfaceOrientations_iPhone = "UIInterfaceOrientationPortrait UIInterfaceOrientationLandscapeLeft UIInterfaceOrientationLandscapeRight";
				LD_RUNPATH_SEARCH_PATHS = (
					"$(inherited)",
					"@executable_path/Frameworks",
				);
				MARKETING_VERSION = 1.0;
				PRODUCT_BUNDLE_IDENTIFIER = "maslov.flickr-image-viewing";
				PRODUCT_NAME = "$(TARGET_NAME)";
				SWIFT_EMIT_LOC_STRINGS = YES;
				SWIFT_VERSION = 5.0;
				TARGETED_DEVICE_FAMILY = "1,2";
			};
			name = Release;
		};
/* End XCBuildConfiguration section */

/* Begin XCConfigurationList section */
		042E3A4528A29ABC00D50AC3 /* Build configuration list for PBXProject "flickr-image-viewing" */ = {
			isa = XCConfigurationList;
			buildConfigurations = (
				042E3A5C28A29ABD00D50AC3 /* Debug */,
				042E3A5D28A29ABD00D50AC3 /* Release */,
			);
			defaultConfigurationIsVisible = 0;
			defaultConfigurationName = Release;
		};
		042E3A5E28A29ABD00D50AC3 /* Build configuration list for PBXNativeTarget "flickr-image-viewing" */ = {
			isa = XCConfigurationList;
			buildConfigurations = (
				042E3A5F28A29ABD00D50AC3 /* Debug */,
				042E3A6028A29ABD00D50AC3 /* Release */,
			);
			defaultConfigurationIsVisible = 0;
			defaultConfigurationName = Release;
		};
/* End XCConfigurationList section */
	};
	rootObject = 042E3A4228A29ABC00D50AC3 /* Project object */;
}
